
Microsoft Visual Studio Solution File, Format Version 12.00
# Visual Studio Version 17
VisualStudioVersion = 17.3.32929.385
MinimumVisualStudioVersion = 10.0.40219.1
Project("{9A19103F-16F7-4668-BE54-9A1E7A4F7556}") = "PasswordGenerator3", "PasswordGenerator3.csproj", "{EEE7131D-11ED-4AE5-98A2-83309E17507C}"
EndProject
Global
	GlobalSection(SolutionConfigurationPlatforms) = preSolution
		Debug|Any CPU = Debug|Any CPU
		Release|Any CPU = Release|Any CPU
	EndGlobalSection
	GlobalSection(ProjectConfigurationPlatforms) = postSolution
		{EEE7131D-11ED-4AE5-98A2-83309E17507C}.Debug|Any CPU.ActiveCfg = Debug|Any CPU
		{EEE7131D-11ED-4AE5-98A2-83309E17507C}.Debug|Any CPU.Build.0 = Debug|Any CPU
		{EEE7131D-11ED-4AE5-98A2-83309E17507C}.Release|Any CPU.ActiveCfg = Release|Any CPU
		{EEE7131D-11ED-4AE5-98A2-83309E17507C}.Release|Any CPU.Build.0 = Release|Any CPU
	EndGlobalSection
	GlobalSection(SolutionProperties) = preSolution
		HideSolutionNode = FALSE
	EndGlobalSection
	GlobalSection(ExtensibilityGlobals) = postSolution
		SolutionGuid = {C7994D24-0785-43FF-98D6-9EFA2D414A79}
	EndGlobalSection
EndGlobal
